// !$*UTF8*$!
{
	archiveVersion = 1;
	classes = {
	};
	objectVersion = 46;
	objects = {

/* Begin PBXBuildFile section */
		462FBAAE1E51FE2400323987 /* AppDelegate.swift in Sources */ = {isa = PBXBuildFile; fileRef = 462FBAAD1E51FE2400323987 /* AppDelegate.swift */; };
		462FBAB31E51FE2400323987 /* Main.storyboard in Resources */ = {isa = PBXBuildFile; fileRef = 462FBAB11E51FE2400323987 /* Main.storyboard */; };
		462FBAB51E51FE2400323987 /* Assets.xcassets in Resources */ = {isa = PBXBuildFile; fileRef = 462FBAB41E51FE2400323987 /* Assets.xcassets */; };
		462FBAB81E51FE2400323987 /* LaunchScreen.storyboard in Resources */ = {isa = PBXBuildFile; fileRef = 462FBAB61E51FE2400323987 /* LaunchScreen.storyboard */; };
		462FBAC01E520A6000323987 /* MainViewController.swift in Sources */ = {isa = PBXBuildFile; fileRef = 462FBABF1E520A6000323987 /* MainViewController.swift */; };
		462FBAC21E52163E00323987 /* example-simple.xml in Resources */ = {isa = PBXBuildFile; fileRef = 462FBAC11E52163E00323987 /* example-simple.xml */; };
		462FBAC41E5216B200323987 /* Parser.swift in Sources */ = {isa = PBXBuildFile; fileRef = 462FBAC31E5216B200323987 /* Parser.swift */; };
		462FBAC71E533A9100323987 /* ScorePartwise.swift in Sources */ = {isa = PBXBuildFile; fileRef = 462FBAC61E533A9100323987 /* ScorePartwise.swift */; };
		462FBACA1E533E9D00323987 /* ScoreBuilder.swift in Sources */ = {isa = PBXBuildFile; fileRef = 462FBAC91E533E9D00323987 /* ScoreBuilder.swift */; };
		462FBACC1E546D4100323987 /* example-complex.xml in Resources */ = {isa = PBXBuildFile; fileRef = 462FBACB1E546D4100323987 /* example-complex.xml */; };
		462FBAF11E56023800323987 /* NoteView.swift in Sources */ = {isa = PBXBuildFile; fileRef = 462FBAF01E56023800323987 /* NoteView.swift */; };
		462FBAF31E562FFD00323987 /* ScoreView.swift in Sources */ = {isa = PBXBuildFile; fileRef = 462FBAF21E562FFD00323987 /* ScoreView.swift */; };
		462FBAF51E56329F00323987 /* ScoreViewController.swift in Sources */ = {isa = PBXBuildFile; fileRef = 462FBAF41E56329F00323987 /* ScoreViewController.swift */; };
		64EA86779FFC57440D87E0E4 /* Pods_swift_score.framework in Frameworks */ = {isa = PBXBuildFile; fileRef = 1A864E826769E06360C2E5A5 /* Pods_swift_score.framework */; };
/* End PBXBuildFile section */

/* Begin PBXFileReference section */
		1A864E826769E06360C2E5A5 /* Pods_swift_score.framework */ = {isa = PBXFileReference; explicitFileType = wrapper.framework; includeInIndex = 0; path = Pods_swift_score.framework; sourceTree = BUILT_PRODUCTS_DIR; };
		462FBAAA1E51FE2400323987 /* swift-score.app */ = {isa = PBXFileReference; explicitFileType = wrapper.application; includeInIndex = 0; path = "swift-score.app"; sourceTree = BUILT_PRODUCTS_DIR; };
		462FBAAD1E51FE2400323987 /* AppDelegate.swift */ = {isa = PBXFileReference; lastKnownFileType = sourcecode.swift; path = AppDelegate.swift; sourceTree = "<group>"; };
		462FBAB21E51FE2400323987 /* Base */ = {isa = PBXFileReference; lastKnownFileType = file.storyboard; name = Base; path = Base.lproj/Main.storyboard; sourceTree = "<group>"; };
		462FBAB41E51FE2400323987 /* Assets.xcassets */ = {isa = PBXFileReference; lastKnownFileType = folder.assetcatalog; path = Assets.xcassets; sourceTree = "<group>"; };
		462FBAB71E51FE2400323987 /* Base */ = {isa = PBXFileReference; lastKnownFileType = file.storyboard; name = Base; path = Base.lproj/LaunchScreen.storyboard; sourceTree = "<group>"; };
		462FBAB91E51FE2400323987 /* Info.plist */ = {isa = PBXFileReference; lastKnownFileType = text.plist.xml; path = Info.plist; sourceTree = "<group>"; };
		462FBABF1E520A6000323987 /* MainViewController.swift */ = {isa = PBXFileReference; fileEncoding = 4; lastKnownFileType = sourcecode.swift; name = MainViewController.swift; path = "swift-score/MainViewController.swift"; sourceTree = SOURCE_ROOT; };
		462FBAC11E52163E00323987 /* example-simple.xml */ = {isa = PBXFileReference; fileEncoding = 4; lastKnownFileType = text.xml; name = "example-simple.xml"; path = "swift-score/example-simple.xml"; sourceTree = SOURCE_ROOT; };
		462FBAC31E5216B200323987 /* Parser.swift */ = {isa = PBXFileReference; fileEncoding = 4; lastKnownFileType = sourcecode.swift; path = Parser.swift; sourceTree = "<group>"; };
		462FBAC61E533A9100323987 /* ScorePartwise.swift */ = {isa = PBXFileReference; fileEncoding = 4; lastKnownFileType = sourcecode.swift; path = ScorePartwise.swift; sourceTree = "<group>"; };
		462FBAC91E533E9D00323987 /* ScoreBuilder.swift */ = {isa = PBXFileReference; fileEncoding = 4; lastKnownFileType = sourcecode.swift; path = ScoreBuilder.swift; sourceTree = "<group>"; };
		462FBACB1E546D4100323987 /* example-complex.xml */ = {isa = PBXFileReference; fileEncoding = 4; lastKnownFileType = text.xml; path = "example-complex.xml"; sourceTree = "<group>"; };
		462FBAF01E56023800323987 /* NoteView.swift */ = {isa = PBXFileReference; fileEncoding = 4; lastKnownFileType = sourcecode.swift; path = NoteView.swift; sourceTree = "<group>"; };
		462FBAF21E562FFD00323987 /* ScoreView.swift */ = {isa = PBXFileReference; fileEncoding = 4; lastKnownFileType = sourcecode.swift; path = ScoreView.swift; sourceTree = "<group>"; };
		462FBAF41E56329F00323987 /* ScoreViewController.swift */ = {isa = PBXFileReference; fileEncoding = 4; lastKnownFileType = sourcecode.swift; path = ScoreViewController.swift; sourceTree = "<group>"; };
		759995089424FAA29F482F85 /* Pods-swift-score.release.xcconfig */ = {isa = PBXFileReference; includeInIndex = 1; lastKnownFileType = text.xcconfig; name = "Pods-swift-score.release.xcconfig"; path = "Pods/Target Support Files/Pods-swift-score/Pods-swift-score.release.xcconfig"; sourceTree = "<group>"; };
		DBD557EC705D108AE7F1C937 /* Pods-swift-score.debug.xcconfig */ = {isa = PBXFileReference; includeInIndex = 1; lastKnownFileType = text.xcconfig; name = "Pods-swift-score.debug.xcconfig"; path = "Pods/Target Support Files/Pods-swift-score/Pods-swift-score.debug.xcconfig"; sourceTree = "<group>"; };
/* End PBXFileReference section */

/* Begin PBXFrameworksBuildPhase section */
		462FBAA71E51FE2400323987 /* Frameworks */ = {
			isa = PBXFrameworksBuildPhase;
			buildActionMask = 2147483647;
			files = (
				64EA86779FFC57440D87E0E4 /* Pods_swift_score.framework in Frameworks */,
			);
			runOnlyForDeploymentPostprocessing = 0;
		};
/* End PBXFrameworksBuildPhase section */

/* Begin PBXGroup section */
		398F32742D18B95FCDA80F03 /* Frameworks */ = {
			isa = PBXGroup;
			children = (
				1A864E826769E06360C2E5A5 /* Pods_swift_score.framework */,
			);
			name = Frameworks;
			sourceTree = "<group>";
		};
		462FBAA11E51FE2400323987 = {
			isa = PBXGroup;
			children = (
				462FBAAC1E51FE2400323987 /* swift-score */,
				462FBAAB1E51FE2400323987 /* Products */,
				D98003454D3EEEC3D79E418B /* Pods */,
				398F32742D18B95FCDA80F03 /* Frameworks */,
			);
			sourceTree = "<group>";
		};
		462FBAAB1E51FE2400323987 /* Products */ = {
			isa = PBXGroup;
			children = (
				462FBAAA1E51FE2400323987 /* swift-score.app */,
			);
			name = Products;
			sourceTree = "<group>";
		};
		462FBAAC1E51FE2400323987 /* swift-score */ = {
			isa = PBXGroup;
			children = (
				462FBAEF1E5601A900323987 /* graphics */,
				462FBACB1E546D4100323987 /* example-complex.xml */,
				462FBAC81E533E3B00323987 /* builders */,
				462FBAC51E533A2800323987 /* models */,
				462FBAC11E52163E00323987 /* example-simple.xml */,
				462FBAAD1E51FE2400323987 /* AppDelegate.swift */,
				462FBAB11E51FE2400323987 /* Main.storyboard */,
				462FBAB41E51FE2400323987 /* Assets.xcassets */,
				462FBAB61E51FE2400323987 /* LaunchScreen.storyboard */,
				462FBAB91E51FE2400323987 /* Info.plist */,
				462FBABF1E520A6000323987 /* MainViewController.swift */,
				462FBAC31E5216B200323987 /* Parser.swift */,
			);
			path = "swift-score";
			sourceTree = "<group>";
		};
		462FBAC51E533A2800323987 /* models */ = {
			isa = PBXGroup;
			children = (
				462FBAC61E533A9100323987 /* ScorePartwise.swift */,
			);
			path = models;
			sourceTree = "<group>";
		};
		462FBAC81E533E3B00323987 /* builders */ = {
			isa = PBXGroup;
			children = (
				462FBAC91E533E9D00323987 /* ScoreBuilder.swift */,
			);
			path = builders;
			sourceTree = "<group>";
		};
		462FBAEF1E5601A900323987 /* graphics */ = {
			isa = PBXGroup;
			children = (
				462FBAF01E56023800323987 /* NoteView.swift */,
				462FBAF21E562FFD00323987 /* ScoreView.swift */,
				462FBAF41E56329F00323987 /* ScoreViewController.swift */,
			);
			path = graphics;
			sourceTree = "<group>";
		};
		D98003454D3EEEC3D79E418B /* Pods */ = {
			isa = PBXGroup;
			children = (
				DBD557EC705D108AE7F1C937 /* Pods-swift-score.debug.xcconfig */,
				759995089424FAA29F482F85 /* Pods-swift-score.release.xcconfig */,
			);
			name = Pods;
			sourceTree = "<group>";
		};
/* End PBXGroup section */

/* Begin PBXNativeTarget section */
		462FBAA91E51FE2400323987 /* swift-score */ = {
			isa = PBXNativeTarget;
			buildConfigurationList = 462FBABC1E51FE2400323987 /* Build configuration list for PBXNativeTarget "swift-score" */;
			buildPhases = (
				11F44138DEE8719C0A584FF7 /* [CP] Check Pods Manifest.lock */,
				462FBAA61E51FE2400323987 /* Sources */,
				462FBAA71E51FE2400323987 /* Frameworks */,
				462FBAA81E51FE2400323987 /* Resources */,
				E53EC1F104B01C14330CEAC4 /* [CP] Embed Pods Frameworks */,
				DF44E890BE270441B595926E /* [CP] Copy Pods Resources */,
			);
			buildRules = (
			);
			dependencies = (
			);
			name = "swift-score";
			productName = "swift-score";
			productReference = 462FBAAA1E51FE2400323987 /* swift-score.app */;
			productType = "com.apple.product-type.application";
		};
/* End PBXNativeTarget section */

/* Begin PBXProject section */
		462FBAA21E51FE2400323987 /* Project object */ = {
			isa = PBXProject;
			attributes = {
				LastSwiftUpdateCheck = 0820;
				LastUpgradeCheck = 0820;
				ORGANIZATIONNAME = "Andy Goldfinch";
				TargetAttributes = {
					462FBAA91E51FE2400323987 = {
						CreatedOnToolsVersion = 8.2.1;
						DevelopmentTeam = 345M9EJE83;
						ProvisioningStyle = Automatic;
					};
				};
			};
			buildConfigurationList = 462FBAA51E51FE2400323987 /* Build configuration list for PBXProject "swift-score" */;
			compatibilityVersion = "Xcode 3.2";
			developmentRegion = English;
			hasScannedForEncodings = 0;
			knownRegions = (
				en,
				Base,
			);
			mainGroup = 462FBAA11E51FE2400323987;
			productRefGroup = 462FBAAB1E51FE2400323987 /* Products */;
			projectDirPath = "";
			projectRoot = "";
			targets = (
				462FBAA91E51FE2400323987 /* swift-score */,
			);
		};
/* End PBXProject section */

/* Begin PBXResourcesBuildPhase section */
		462FBAA81E51FE2400323987 /* Resources */ = {
			isa = PBXResourcesBuildPhase;
			buildActionMask = 2147483647;
			files = (
				462FBACC1E546D4100323987 /* example-complex.xml in Resources */,
				462FBAC21E52163E00323987 /* example-simple.xml in Resources */,
				462FBAB81E51FE2400323987 /* LaunchScreen.storyboard in Resources */,
				462FBAB51E51FE2400323987 /* Assets.xcassets in Resources */,
				462FBAB31E51FE2400323987 /* Main.storyboard in Resources */,
			);
			runOnlyForDeploymentPostprocessing = 0;
		};
/* End PBXResourcesBuildPhase section */

/* Begin PBXShellScriptBuildPhase section */
		11F44138DEE8719C0A584FF7 /* [CP] Check Pods Manifest.lock */ = {
			isa = PBXShellScriptBuildPhase;
			buildActionMask = 2147483647;
			files = (
			);
			inputPaths = (
			);
			name = "[CP] Check Pods Manifest.lock";
			outputPaths = (
			);
			runOnlyForDeploymentPostprocessing = 0;
			shellPath = /bin/sh;
			shellScript = "diff \"${PODS_ROOT}/../Podfile.lock\" \"${PODS_ROOT}/Manifest.lock\" > /dev/null\nif [ $? != 0 ] ; then\n    # print error to STDERR\n    echo \"error: The sandbox is not in sync with the Podfile.lock. Run 'pod install' or update your CocoaPods installation.\" >&2\n    exit 1\nfi\n";
			showEnvVarsInLog = 0;
		};
		DF44E890BE270441B595926E /* [CP] Copy Pods Resources */ = {
			isa = PBXShellScriptBuildPhase;
			buildActionMask = 2147483647;
			files = (
			);
			inputPaths = (
			);
			name = "[CP] Copy Pods Resources";
			outputPaths = (
			);
			runOnlyForDeploymentPostprocessing = 0;
			shellPath = /bin/sh;
			shellScript = "\"${SRCROOT}/Pods/Target Support Files/Pods-swift-score/Pods-swift-score-resources.sh\"\n";
			showEnvVarsInLog = 0;
		};
		E53EC1F104B01C14330CEAC4 /* [CP] Embed Pods Frameworks */ = {
			isa = PBXShellScriptBuildPhase;
			buildActionMask = 2147483647;
			files = (
			);
			inputPaths = (
			);
			name = "[CP] Embed Pods Frameworks";
			outputPaths = (
			);
			runOnlyForDeploymentPostprocessing = 0;
			shellPath = /bin/sh;
			shellScript = "\"${SRCROOT}/Pods/Target Support Files/Pods-swift-score/Pods-swift-score-frameworks.sh\"\n";
			showEnvVarsInLog = 0;
		};
/* End PBXShellScriptBuildPhase section */

/* Begin PBXSourcesBuildPhase section */
		462FBAA61E51FE2400323987 /* Sources */ = {
			isa = PBXSourcesBuildPhase;
			buildActionMask = 2147483647;
			files = (
				462FBAC01E520A6000323987 /* MainViewController.swift in Sources */,
				462FBAC71E533A9100323987 /* ScorePartwise.swift in Sources */,
				462FBAF11E56023800323987 /* NoteView.swift in Sources */,
				462FBAAE1E51FE2400323987 /* AppDelegate.swift in Sources */,
				462FBAF31E562FFD00323987 /* ScoreView.swift in Sources */,
				462FBAC41E5216B200323987 /* Parser.swift in Sources */,
				462FBACA1E533E9D00323987 /* ScoreBuilder.swift in Sources */,
				462FBAF51E56329F00323987 /* ScoreViewController.swift in Sources */,
			);
			runOnlyForDeploymentPostprocessing = 0;
		};
/* End PBXSourcesBuildPhase section */

/* Begin PBXVariantGroup section */
		462FBAB11E51FE2400323987 /* Main.storyboard */ = {
			isa = PBXVariantGroup;
			children = (
				462FBAB21E51FE2400323987 /* Base */,
			);
			name = Main.storyboard;
			sourceTree = "<group>";
		};
		462FBAB61E51FE2400323987 /* LaunchScreen.storyboard */ = {
			isa = PBXVariantGroup;
			children = (
				462FBAB71E51FE2400323987 /* Base */,
			);
			name = LaunchScreen.storyboard;
			sourceTree = "<group>";
		};
/* End PBXVariantGroup section */

/* Begin XCBuildConfiguration section */
		462FBABA1E51FE2400323987 /* Debug */ = {
			isa = XCBuildConfiguration;
			buildSettings = {
				ALWAYS_SEARCH_USER_PATHS = NO;
				CLANG_ANALYZER_NONNULL = YES;
				CLANG_CXX_LANGUAGE_STANDARD = "gnu++0x";
				CLANG_CXX_LIBRARY = "libc++";
				CLANG_ENABLE_MODULES = YES;
				CLANG_ENABLE_OBJC_ARC = YES;
				CLANG_WARN_BOOL_CONVERSION = YES;
				CLANG_WARN_CONSTANT_CONVERSION = YES;
				CLANG_WARN_DIRECT_OBJC_ISA_USAGE = YES_ERROR;
				CLANG_WARN_DOCUMENTATION_COMMENTS = YES;
				CLANG_WARN_EMPTY_BODY = YES;
				CLANG_WARN_ENUM_CONVERSION = YES;
				CLANG_WARN_INFINITE_RECURSION = YES;
				CLANG_WARN_INT_CONVERSION = YES;
				CLANG_WARN_OBJC_ROOT_CLASS = YES_ERROR;
				CLANG_WARN_SUSPICIOUS_MOVE = YES;
				CLANG_WARN_UNREACHABLE_CODE = YES;
				CLANG_WARN__DUPLICATE_METHOD_MATCH = YES;
				"CODE_SIGN_IDENTITY[sdk=iphoneos*]" = "iPhone Developer";
				COPY_PHASE_STRIP = NO;
				DEBUG_INFORMATION_FORMAT = dwarf;
				ENABLE_STRICT_OBJC_MSGSEND = YES;
				ENABLE_TESTABILITY = YES;
				GCC_C_LANGUAGE_STANDARD = gnu99;
				GCC_DYNAMIC_NO_PIC = NO;
				GCC_NO_COMMON_BLOCKS = YES;
				GCC_OPTIMIZATION_LEVEL = 0;
				GCC_PREPROCESSOR_DEFINITIONS = (
					"DEBUG=1",
					"$(inherited)",
				);
				GCC_WARN_64_TO_32_BIT_CONVERSION = YES;
				GCC_WARN_ABOUT_RETURN_TYPE = YES_ERROR;
				GCC_WARN_UNDECLARED_SELECTOR = YES;
				GCC_WARN_UNINITIALIZED_AUTOS = YES_AGGRESSIVE;
				GCC_WARN_UNUSED_FUNCTION = YES;
				GCC_WARN_UNUSED_VARIABLE = YES;
				IPHONEOS_DEPLOYMENT_TARGET = 10.2;
				MTL_ENABLE_DEBUG_INFO = YES;
				ONLY_ACTIVE_ARCH = YES;
				SDKROOT = iphoneos;
				SWIFT_ACTIVE_COMPILATION_CONDITIONS = DEBUG;
				SWIFT_OPTIMIZATION_LEVEL = "-Onone";
				TARGETED_DEVICE_FAMILY = 2;
			};
			name = Debug;
		};
		462FBABB1E51FE2400323987 /* Release */ = {
			isa = XCBuildConfiguration;
			buildSettings = {
				ALWAYS_SEARCH_USER_PATHS = NO;
				CLANG_ANALYZER_NONNULL = YES;
				CLANG_CXX_LANGUAGE_STANDARD = "gnu++0x";
				CLANG_CXX_LIBRARY = "libc++";
				CLANG_ENABLE_MODULES = YES;
				CLANG_ENABLE_OBJC_ARC = YES;
				CLANG_WARN_BOOL_CONVERSION = YES;
				CLANG_WARN_CONSTANT_CONVERSION = YES;
				CLANG_WARN_DIRECT_OBJC_ISA_USAGE = YES_ERROR;
				CLANG_WARN_DOCUMENTATION_COMMENTS = YES;
				CLANG_WARN_EMPTY_BODY = YES;
				CLANG_WARN_ENUM_CONVERSION = YES;
				CLANG_WARN_INFINITE_RECURSION = YES;
				CLANG_WARN_INT_CONVERSION = YES;
				CLANG_WARN_OBJC_ROOT_CLASS = YES_ERROR;
				CLANG_WARN_SUSPICIOUS_MOVE = YES;
				CLANG_WARN_UNREACHABLE_CODE = YES;
				CLANG_WARN__DUPLICATE_METHOD_MATCH = YES;
				"CODE_SIGN_IDENTITY[sdk=iphoneos*]" = "iPhone Developer";
				COPY_PHASE_STRIP = NO;
				DEBUG_INFORMATION_FORMAT = "dwarf-with-dsym";
				ENABLE_NS_ASSERTIONS = NO;
				ENABLE_STRICT_OBJC_MSGSEND = YES;
				GCC_C_LANGUAGE_STANDARD = gnu99;
				GCC_NO_COMMON_BLOCKS = YES;
				GCC_WARN_64_TO_32_BIT_CONVERSION = YES;
				GCC_WARN_ABOUT_RETURN_TYPE = YES_ERROR;
				GCC_WARN_UNDECLARED_SELECTOR = YES;
				GCC_WARN_UNINITIALIZED_AUTOS = YES_AGGRESSIVE;
				GCC_WARN_UNUSED_FUNCTION = YES;
				GCC_WARN_UNUSED_VARIABLE = YES;
				IPHONEOS_DEPLOYMENT_TARGET = 10.2;
				MTL_ENABLE_DEBUG_INFO = NO;
				SDKROOT = iphoneos;
				SWIFT_OPTIMIZATION_LEVEL = "-Owholemodule";
				TARGETED_DEVICE_FAMILY = 2;
				VALIDATE_PRODUCT = YES;
			};
			name = Release;
		};
		462FBABD1E51FE2400323987 /* Debug */ = {
			isa = XCBuildConfiguration;
			baseConfigurationReference = DBD557EC705D108AE7F1C937 /* Pods-swift-score.debug.xcconfig */;
			buildSettings = {
				ASSETCATALOG_COMPILER_APPICON_NAME = AppIcon;
				DEVELOPMENT_TEAM = 345M9EJE83;
				INFOPLIST_FILE = "swift-score/Info.plist";
				LD_RUNPATH_SEARCH_PATHS = "$(inherited) @executable_path/Frameworks";
				PRODUCT_BUNDLE_IDENTIFIER = goldfinch.andy.swiftscore;
				PRODUCT_NAME = "$(TARGET_NAME)";
				SWIFT_VERSION = 3.0;
			};
			name = Debug;
		};
		462FBABE1E51FE2400323987 /* Release */ = {
			isa = XCBuildConfiguration;
			baseConfigurationReference = 759995089424FAA29F482F85 /* Pods-swift-score.release.xcconfig */;
			buildSettings = {
				ASSETCATALOG_COMPILER_APPICON_NAME = AppIcon;
				DEVELOPMENT_TEAM = 345M9EJE83;
				INFOPLIST_FILE = "swift-score/Info.plist";
				LD_RUNPATH_SEARCH_PATHS = "$(inherited) @executable_path/Frameworks";
				PRODUCT_BUNDLE_IDENTIFIER = goldfinch.andy.swiftscore;
				PRODUCT_NAME = "$(TARGET_NAME)";
				SWIFT_VERSION = 3.0;
			};
			name = Release;
		};
/* End XCBuildConfiguration section */

/* Begin XCConfigurationList section */
		462FBAA51E51FE2400323987 /* Build configuration list for PBXProject "swift-score" */ = {
			isa = XCConfigurationList;
			buildConfigurations = (
				462FBABA1E51FE2400323987 /* Debug */,
				462FBABB1E51FE2400323987 /* Release */,
			);
			defaultConfigurationIsVisible = 0;
			defaultConfigurationName = Release;
		};
		462FBABC1E51FE2400323987 /* Build configuration list for PBXNativeTarget "swift-score" */ = {
			isa = XCConfigurationList;
			buildConfigurations = (
				462FBABD1E51FE2400323987 /* Debug */,
				462FBABE1E51FE2400323987 /* Release */,
			);
			defaultConfigurationIsVisible = 0;
			defaultConfigurationName = Release;
		};
/* End XCConfigurationList section */
	};
	rootObject = 462FBAA21E51FE2400323987 /* Project object */;
}
